Microsoft Visual Studio Solution File, Format Version 12.00
# Visual Studio Version 16
VisualStudioVersion = 16.0.28803.352
MinimumVisualStudioVersion = 10.0.40219.1
Project("{9A19103F-16F7-4668-BE54-9A1E7A4F7556}") = "PokemonSimulator", "PokemonSimulator\PokemonSimulator.csproj", "{0A1B5A5C-870E-41EC-BC04-12D361D360B5}"
EndProject
Project("{9A19103F-16F7-4668-BE54-9A1E7A4F7556}") = "Web.Server", "Web\Server\Web.Server.csproj", "{DA65196F-1EEC-4E93-B653-EC8E4E2F6897}"
EndProject
Project("{9A19103F-16F7-4668-BE54-9A1E7A4F7556}") = "Web.Client", "Web\Client\Web.Client.csproj", "{E188AB6D-F763-43CB-A460-F862E451133C}"
EndProject
Project("{9A19103F-16F7-4668-BE54-9A1E7A4F7556}") = "Web.Shared", "Web\Shared\Web.Shared.csproj", "{77EC506F-EF5C-4442-9E7F-B3121E4DD634}"
EndProject
Project("{9A19103F-16F7-4668-BE54-9A1E7A4F7556}") = "UnitTest", "UnitTest\UnitTest.csproj", "{B957E13C-A3EE-4117-8EF4-CD3F1C508252}"
EndProject
Project("{2150E333-8FDC-42A3-9474-1A3956D46DE8}") = "Solution Items", "Solution Items", "{4D59188F-C927-41D6-B8DD-4E527F4B3229}"
	ProjectSection(SolutionItems) = preProject
		.editorconfig = .editorconfig
	EndProjectSection
EndProject
Global
	GlobalSection(SolutionConfigurationPlatforms) = preSolution
		Debug|Any CPU = Debug|Any CPU
		Debug|x64 = Debug|x64
		Release|Any CPU = Release|Any CPU
		Release|x64 = Release|x64
		Test|Any CPU = Test|Any CPU
		Test|x64 = Test|x64
	EndGlobalSection
	GlobalSection(ProjectConfigurationPlatforms) = postSolution
		{0A1B5A5C-870E-41EC-BC04-12D361D360B5}.Debug|Any CPU.ActiveCfg = Debug|Any CPU
		{0A1B5A5C-870E-41EC-BC04-12D361D360B5}.Debug|Any CPU.Build.0 = Debug|Any CPU
		{0A1B5A5C-870E-41EC-BC04-12D361D360B5}.Debug|x64.ActiveCfg = Debug|Any CPU
		{0A1B5A5C-870E-41EC-BC04-12D361D360B5}.Debug|x64.Build.0 = Debug|Any CPU
		{0A1B5A5C-870E-41EC-BC04-12D361D360B5}.Release|Any CPU.ActiveCfg = Release|Any CPU
		{0A1B5A5C-870E-41EC-BC04-12D361D360B5}.Release|Any CPU.Build.0 = Release|Any CPU
    {0A1B5A5C-870E-41EC-BC04-12D361D360B5}.Release|x64.ActiveCfg = Release|x64
		{0A1B5A5C-870E-41EC-BC04-12D361D360B5}.Release|x64.Build.0 = Release|x64
		{0A1B5A5C-870E-41EC-BC04-12D361D360B5}.Test|Any CPU.ActiveCfg = Debug|Any CPU
		{0A1B5A5C-870E-41EC-BC04-12D361D360B5}.Test|Any CPU.Build.0 = Debug|Any CPU
		{0A1B5A5C-870E-41EC-BC04-12D361D360B5}.Test|x64.ActiveCfg = Test|x64
		{0A1B5A5C-870E-41EC-BC04-12D361D360B5}.Test|x64.Build.0 = Test|x64
		{DA65196F-1EEC-4E93-B653-EC8E4E2F6897}.Debug|Any CPU.ActiveCfg = Debug|Any CPU
		{DA65196F-1EEC-4E93-B653-EC8E4E2F6897}.Debug|Any CPU.Build.0 = Debug|Any CPU
		{DA65196F-1EEC-4E93-B653-EC8E4E2F6897}.Debug|x64.ActiveCfg = Debug|Any CPU
		{DA65196F-1EEC-4E93-B653-EC8E4E2F6897}.Debug|x64.Build.0 = Debug|Any CPU
		{DA65196F-1EEC-4E93-B653-EC8E4E2F6897}.Release|Any CPU.ActiveCfg = Release|Any CPU
		{DA65196F-1EEC-4E93-B653-EC8E4E2F6897}.Release|Any CPU.Build.0 = Release|Any CPU
		{DA65196F-1EEC-4E93-B653-EC8E4E2F6897}.Release|x64.ActiveCfg = Release|Any CPU
		{DA65196F-1EEC-4E93-B653-EC8E4E2F6897}.Release|x64.Build.0 = Release|Any CPU
		{DA65196F-1EEC-4E93-B653-EC8E4E2F6897}.Test|Any CPU.ActiveCfg = Debug|Any CPU
		{DA65196F-1EEC-4E93-B653-EC8E4E2F6897}.Test|Any CPU.Build.0 = Debug|Any CPU
		{DA65196F-1EEC-4E93-B653-EC8E4E2F6897}.Test|x64.ActiveCfg = Test|Any CPU
		{DA65196F-1EEC-4E93-B653-EC8E4E2F6897}.Test|x64.Build.0 = Test|Any CPU
		{E188AB6D-F763-43CB-A460-F862E451133C}.Debug|Any CPU.ActiveCfg = Debug|Any CPU
		{E188AB6D-F763-43CB-A460-F862E451133C}.Debug|Any CPU.Build.0 = Debug|Any CPU
		{E188AB6D-F763-43CB-A460-F862E451133C}.Debug|x64.ActiveCfg = Debug|Any CPU
		{E188AB6D-F763-43CB-A460-F862E451133C}.Debug|x64.Build.0 = Debug|Any CPU
		{E188AB6D-F763-43CB-A460-F862E451133C}.Release|Any CPU.ActiveCfg = Release|Any CPU
		{E188AB6D-F763-43CB-A460-F862E451133C}.Release|Any CPU.Build.0 = Release|Any CPU
		{E188AB6D-F763-43CB-A460-F862E451133C}.Release|x64.ActiveCfg = Release|Any CPU
		{E188AB6D-F763-43CB-A460-F862E451133C}.Release|x64.Build.0 = Release|Any CPU
		{E188AB6D-F763-43CB-A460-F862E451133C}.Test|Any CPU.ActiveCfg = Debug|Any CPU
		{E188AB6D-F763-43CB-A460-F862E451133C}.Test|Any CPU.Build.0 = Debug|Any CPU
		{E188AB6D-F763-43CB-A460-F862E451133C}.Test|x64.ActiveCfg = Test|Any CPU
		{E188AB6D-F763-43CB-A460-F862E451133C}.Test|x64.Build.0 = Test|Any CPU
		{77EC506F-EF5C-4442-9E7F-B3121E4DD634}.Debug|Any CPU.ActiveCfg = Debug|Any CPU
		{77EC506F-EF5C-4442-9E7F-B3121E4DD634}.Debug|Any CPU.Build.0 = Debug|Any CPU
		{77EC506F-EF5C-4442-9E7F-B3121E4DD634}.Debug|x64.ActiveCfg = Debug|Any CPU
		{77EC506F-EF5C-4442-9E7F-B3121E4DD634}.Debug|x64.Build.0 = Debug|Any CPU
		{77EC506F-EF5C-4442-9E7F-B3121E4DD634}.Release|Any CPU.ActiveCfg = Release|Any CPU
		{77EC506F-EF5C-4442-9E7F-B3121E4DD634}.Release|Any CPU.Build.0 = Release|Any CPU
		{77EC506F-EF5C-4442-9E7F-B3121E4DD634}.Release|x64.ActiveCfg = Release|Any CPU
		{77EC506F-EF5C-4442-9E7F-B3121E4DD634}.Release|x64.Build.0 = Release|Any CPU
		{77EC506F-EF5C-4442-9E7F-B3121E4DD634}.Test|Any CPU.ActiveCfg = Debug|Any CPU
		{77EC506F-EF5C-4442-9E7F-B3121E4DD634}.Test|Any CPU.Build.0 = Debug|Any CPU
		{77EC506F-EF5C-4442-9E7F-B3121E4DD634}.Test|x64.ActiveCfg = Test|Any CPU
		{77EC506F-EF5C-4442-9E7F-B3121E4DD634}.Test|x64.Build.0 = Test|Any CPU
		{B957E13C-A3EE-4117-8EF4-CD3F1C508252}.Debug|Any CPU.ActiveCfg = Debug|Any CPU
		{B957E13C-A3EE-4117-8EF4-CD3F1C508252}.Debug|Any CPU.Build.0 = Debug|Any CPU
		{B957E13C-A3EE-4117-8EF4-CD3F1C508252}.Debug|x64.ActiveCfg = Debug|Any CPU
		{B957E13C-A3EE-4117-8EF4-CD3F1C508252}.Debug|x64.Build.0 = Debug|Any CPU
		{B957E13C-A3EE-4117-8EF4-CD3F1C508252}.Release|Any CPU.ActiveCfg = Release|Any CPU
		{B957E13C-A3EE-4117-8EF4-CD3F1C508252}.Release|Any CPU.Build.0 = Release|Any CPU
		{B957E13C-A3EE-4117-8EF4-CD3F1C508252}.Release|x64.ActiveCfg = Release|Any CPU
		{B957E13C-A3EE-4117-8EF4-CD3F1C508252}.Release|x64.Build.0 = Release|Any CPU
		{B957E13C-A3EE-4117-8EF4-CD3F1C508252}.Test|Any CPU.ActiveCfg = Debug|Any CPU
		{B957E13C-A3EE-4117-8EF4-CD3F1C508252}.Test|Any CPU.Build.0 = Debug|Any CPU
		{B957E13C-A3EE-4117-8EF4-CD3F1C508252}.Test|x64.ActiveCfg = Test|Any CPU
		{B957E13C-A3EE-4117-8EF4-CD3F1C508252}.Test|x64.Build.0 = Test|Any CPU
	EndGlobalSection
	GlobalSection(SolutionProperties) = preSolution
		HideSolutionNode = FALSE
	EndGlobalSection
	GlobalSection(ExtensibilityGlobals) = postSolution
		SolutionGuid = {95A22EF5-7179-46B2-9BB9-081E9889FBC4}
	EndGlobalSection
EndGlobal