
Microsoft Visual Studio Solution File, Format Version 12.00
# Visual Studio Version 16
VisualStudioVersion = 16.0.28803.352
MinimumVisualStudioVersion = 10.0.40219.1
Project("{9A19103F-16F7-4668-BE54-9A1E7A4F7556}") = "PokemonSimulator", "PokemonSimulator\PokemonSimulator.csproj", "{0A1B5A5C-870E-41EC-BC04-12D361D360B5}"
EndProject
Project("{9A19103F-16F7-4668-BE54-9A1E7A4F7556}") = "Web.Server", "Web\Server\Web.Server.csproj", "{DA65196F-1EEC-4E93-B653-EC8E4E2F6897}"
EndProject
Project("{9A19103F-16F7-4668-BE54-9A1E7A4F7556}") = "Web.Client", "Web\Client\Web.Client.csproj", "{E188AB6D-F763-43CB-A460-F862E451133C}"
EndProject
Project("{9A19103F-16F7-4668-BE54-9A1E7A4F7556}") = "Web.Shared", "Web\Shared\Web.Shared.csproj", "{77EC506F-EF5C-4442-9E7F-B3121E4DD634}"
EndProject
Global
	GlobalSection(SolutionConfigurationPlatforms) = preSolution
		Debug|Any CPU = Debug|Any CPU
		Debug|x64 = Debug|x64
		Release|Any CPU = Release|Any CPU
		Release|x64 = Release|x64
	EndGlobalSection
	GlobalSection(ProjectConfigurationPlatforms) = postSolution
		{0A1B5A5C-870E-41EC-BC04-12D361D360B5}.Debug|Any CPU.ActiveCfg = Debug|Any CPU
		{0A1B5A5C-870E-41EC-BC04-12D361D360B5}.Debug|Any CPU.Build.0 = Debug|Any CPU
		{0A1B5A5C-870E-41EC-BC04-12D361D360B5}.Debug|x64.ActiveCfg = Debug|Any CPU
		{0A1B5A5C-870E-41EC-BC04-12D361D360B5}.Debug|x64.Build.0 = Debug|Any CPU
		{0A1B5A5C-870E-41EC-BC04-12D361D360B5}.Release|Any CPU.ActiveCfg = Release|Any CPU
		{0A1B5A5C-870E-41EC-BC04-12D361D360B5}.Release|Any CPU.Build.0 = Release|Any CPU
		{0A1B5A5C-870E-41EC-BC04-12D361D360B5}.Release|x64.ActiveCfg = Release|x64
		{0A1B5A5C-870E-41EC-BC04-12D361D360B5}.Release|x64.Build.0 = Release|x64
		{DA65196F-1EEC-4E93-B653-EC8E4E2F6897}.Debug|Any CPU.ActiveCfg = Debug|Any CPU
		{DA65196F-1EEC-4E93-B653-EC8E4E2F6897}.Debug|Any CPU.Build.0 = Debug|Any CPU
		{DA65196F-1EEC-4E93-B653-EC8E4E2F6897}.Debug|x64.ActiveCfg = Debug|Any CPU
		{DA65196F-1EEC-4E93-B653-EC8E4E2F6897}.Debug|x64.Build.0 = Debug|Any CPU
		{DA65196F-1EEC-4E93-B653-EC8E4E2F6897}.Release|Any CPU.ActiveCfg = Release|Any CPU
		{DA65196F-1EEC-4E93-B653-EC8E4E2F6897}.Release|Any CPU.Build.0 = Release|Any CPU
		{DA65196F-1EEC-4E93-B653-EC8E4E2F6897}.Release|x64.ActiveCfg = Release|Any CPU
		{DA65196F-1EEC-4E93-B653-EC8E4E2F6897}.Release|x64.Build.0 = Release|Any CPU
		{E188AB6D-F763-43CB-A460-F862E451133C}.Debug|Any CPU.ActiveCfg = Debug|Any CPU
		{E188AB6D-F763-43CB-A460-F862E451133C}.Debug|Any CPU.Build.0 = Debug|Any CPU
		{E188AB6D-F763-43CB-A460-F862E451133C}.Debug|x64.ActiveCfg = Debug|Any CPU
		{E188AB6D-F763-43CB-A460-F862E451133C}.Debug|x64.Build.0 = Debug|Any CPU
		{E188AB6D-F763-43CB-A460-F862E451133C}.Release|Any CPU.ActiveCfg = Release|Any CPU
		{E188AB6D-F763-43CB-A460-F862E451133C}.Release|Any CPU.Build.0 = Release|Any CPU
		{E188AB6D-F763-43CB-A460-F862E451133C}.Release|x64.ActiveCfg = Release|Any CPU
		{E188AB6D-F763-43CB-A460-F862E451133C}.Release|x64.Build.0 = Release|Any CPU
		{77EC506F-EF5C-4442-9E7F-B3121E4DD634}.Debug|Any CPU.ActiveCfg = Debug|Any CPU
		{77EC506F-EF5C-4442-9E7F-B3121E4DD634}.Debug|Any CPU.Build.0 = Debug|Any CPU
		{77EC506F-EF5C-4442-9E7F-B3121E4DD634}.Debug|x64.ActiveCfg = Debug|Any CPU
		{77EC506F-EF5C-4442-9E7F-B3121E4DD634}.Debug|x64.Build.0 = Debug|Any CPU
		{77EC506F-EF5C-4442-9E7F-B3121E4DD634}.Release|Any CPU.ActiveCfg = Release|Any CPU
		{77EC506F-EF5C-4442-9E7F-B3121E4DD634}.Release|Any CPU.Build.0 = Release|Any CPU
		{77EC506F-EF5C-4442-9E7F-B3121E4DD634}.Release|x64.ActiveCfg = Release|Any CPU
		{77EC506F-EF5C-4442-9E7F-B3121E4DD634}.Release|x64.Build.0 = Release|Any CPU
	EndGlobalSection
	GlobalSection(SolutionProperties) = preSolution
		HideSolutionNode = FALSE
	EndGlobalSection
	GlobalSection(ExtensibilityGlobals) = postSolution
		SolutionGuid = {95A22EF5-7179-46B2-9BB9-081E9889FBC4}
	EndGlobalSection
EndGlobal
